// !$*UTF8*$!
{
	archiveVersion = 1;
	classes = {
	};
	objectVersion = 51;
	objects = {

/* Begin PBXBuildFile section */
		397FE30C2834D6478487FC15 /* Pods_gamies_comUITests.framework in Frameworks */ = {isa = PBXBuildFile; fileRef = 8AED1A915F74A26BAC708BDA /* Pods_gamies_comUITests.framework */; };
		ACEC7B325F0B0F7032990D25 /* Pods_gamies_comTests.framework in Frameworks */ = {isa = PBXBuildFile; fileRef = C9C2A0EC00FEAC61638A5571 /* Pods_gamies_comTests.framework */; };
		E53B1F2622438E6C00CFA3D7 /* TermsOfUsersViewController.swift in Sources */ = {isa = PBXBuildFile; fileRef = E53B1F2522438E6C00CFA3D7 /* TermsOfUsersViewController.swift */; };
		E55DF26822437EB8004ECF9D /* GoogleService-Info.plist in Resources */ = {isa = PBXBuildFile; fileRef = E55DF26722437EB8004ECF9D /* GoogleService-Info.plist */; };
		E57831F822335C480013E869 /* AppDelegate.swift in Sources */ = {isa = PBXBuildFile; fileRef = E57831F722335C480013E869 /* AppDelegate.swift */; };
		E57831FA22335C480013E869 /* ViewController.swift in Sources */ = {isa = PBXBuildFile; fileRef = E57831F922335C480013E869 /* ViewController.swift */; };
		E57831FD22335C480013E869 /* Main.storyboard in Resources */ = {isa = PBXBuildFile; fileRef = E57831FB22335C480013E869 /* Main.storyboard */; };
		E57831FF22335C4A0013E869 /* Assets.xcassets in Resources */ = {isa = PBXBuildFile; fileRef = E57831FE22335C4A0013E869 /* Assets.xcassets */; };
		E578320222335C4A0013E869 /* LaunchScreen.storyboard in Resources */ = {isa = PBXBuildFile; fileRef = E578320022335C4A0013E869 /* LaunchScreen.storyboard */; };
		E578320D22335C4B0013E869 /* gamies_comTests.swift in Sources */ = {isa = PBXBuildFile; fileRef = E578320C22335C4B0013E869 /* gamies_comTests.swift */; };
		E578321822335C4B0013E869 /* gamies_comUITests.swift in Sources */ = {isa = PBXBuildFile; fileRef = E578321722335C4B0013E869 /* gamies_comUITests.swift */; };
		E57832262233D25B0013E869 /* ProtectedViewController.swift in Sources */ = {isa = PBXBuildFile; fileRef = E57832252233D25B0013E869 /* ProtectedViewController.swift */; };
		E57832282233E46B0013E869 /* LoginViewController.swift in Sources */ = {isa = PBXBuildFile; fileRef = E57832272233E46B0013E869 /* LoginViewController.swift */; };
		E5F2DAAD2245EB7C0053AF17 /* MatcherViewController.swift in Sources */ = {isa = PBXBuildFile; fileRef = E5F2DAAC2245EB7C0053AF17 /* MatcherViewController.swift */; };
		E5F2DAAF2245FBA10053AF17 /* ChatViewController.swift in Sources */ = {isa = PBXBuildFile; fileRef = E5F2DAAE2245FBA10053AF17 /* ChatViewController.swift */; };
		E9626A002237A80300E3D980 /* WelcomeViewController.swift in Sources */ = {isa = PBXBuildFile; fileRef = E96269FF2237A80300E3D980 /* WelcomeViewController.swift */; };
		E96E79422245EB300032BA7D /* SwipeViewController.swift in Sources */ = {isa = PBXBuildFile; fileRef = E96E79412245EB300032BA7D /* SwipeViewController.swift */; };
		E9B312B5224326EA00813580 /* UserProfileViewController.swift in Sources */ = {isa = PBXBuildFile; fileRef = E9B312B4224326EA00813580 /* UserProfileViewController.swift */; };
		E9BA18E6223FF1B70060C8CC /* Pods-gamies.com-frameworks.sh in Frameworks */ = {isa = PBXBuildFile; fileRef = E9BA18E5223FF1B70060C8CC /* Pods-gamies.com-frameworks.sh */; };
		E9F6308822336C3300CCF153 /* ListViewController.swift in Sources */ = {isa = PBXBuildFile; fileRef = E9F6308722336C3300CCF153 /* ListViewController.swift */; };
		E9F6308A223387E400CCF153 /* RegistrationViewController.swift in Sources */ = {isa = PBXBuildFile; fileRef = E9F63089223387E400CCF153 /* RegistrationViewController.swift */; };
		E9F6308C2233956F00CCF153 /* ChooseGameViewController.swift in Sources */ = {isa = PBXBuildFile; fileRef = E9F6308B2233956F00CCF153 /* ChooseGameViewController.swift */; };
		E9F6308E223502FF00CCF153 /* ProfileViewController.swift in Sources */ = {isa = PBXBuildFile; fileRef = E9F6308D223502FF00CCF153 /* ProfileViewController.swift */; };
		F52396B75E953F7AC1C35AD8 /* Pods_gamies_com.framework in Frameworks */ = {isa = PBXBuildFile; fileRef = D3634EA708EBDACB1C9EF7A1 /* Pods_gamies_com.framework */; };
/* End PBXBuildFile section */

/* Begin PBXContainerItemProxy section */
		E578320922335C4B0013E869 /* PBXContainerItemProxy */ = {
			isa = PBXContainerItemProxy;
			containerPortal = E57831EC22335C480013E869 /* Project object */;
			proxyType = 1;
			remoteGlobalIDString = E57831F322335C480013E869;
			remoteInfo = gamies.com;
		};
		E578321422335C4B0013E869 /* PBXContainerItemProxy */ = {
			isa = PBXContainerItemProxy;
			containerPortal = E57831EC22335C480013E869 /* Project object */;
			proxyType = 1;
			remoteGlobalIDString = E57831F322335C480013E869;
			remoteInfo = gamies.com;
		};
/* End PBXContainerItemProxy section */

/* Begin PBXFileReference section */
		2E9E0F66D47D02EAD1B7FDB5 /* Pods-gamies.comUITests.release.xcconfig */ = {isa = PBXFileReference; includeInIndex = 1; lastKnownFileType = text.xcconfig; name = "Pods-gamies.comUITests.release.xcconfig"; path = "Target Support Files/Pods-gamies.comUITests/Pods-gamies.comUITests.release.xcconfig"; sourceTree = "<group>"; };
		340B5F94D3930BDA7519BAFA /* Pods-gamies.com.debug.xcconfig */ = {isa = PBXFileReference; includeInIndex = 1; lastKnownFileType = text.xcconfig; name = "Pods-gamies.com.debug.xcconfig"; path = "Target Support Files/Pods-gamies.com/Pods-gamies.com.debug.xcconfig"; sourceTree = "<group>"; };
		341EBD7E41AAC95990511E0B /* Pods-gamies.com.release.xcconfig */ = {isa = PBXFileReference; includeInIndex = 1; lastKnownFileType = text.xcconfig; name = "Pods-gamies.com.release.xcconfig"; path = "Target Support Files/Pods-gamies.com/Pods-gamies.com.release.xcconfig"; sourceTree = "<group>"; };
		43AE7B8134F83003BD00CC5B /* Pods-gamies.comUITests.debug.xcconfig */ = {isa = PBXFileReference; includeInIndex = 1; lastKnownFileType = text.xcconfig; name = "Pods-gamies.comUITests.debug.xcconfig"; path = "Target Support Files/Pods-gamies.comUITests/Pods-gamies.comUITests.debug.xcconfig"; sourceTree = "<group>"; };
		77314F7C79D4083343FE0A69 /* Pods-gamies.comTests.debug.xcconfig */ = {isa = PBXFileReference; includeInIndex = 1; lastKnownFileType = text.xcconfig; name = "Pods-gamies.comTests.debug.xcconfig"; path = "Target Support Files/Pods-gamies.comTests/Pods-gamies.comTests.debug.xcconfig"; sourceTree = "<group>"; };
		8125BDC723263355736DBA83 /* Pods-gamies.comTests.release.xcconfig */ = {isa = PBXFileReference; includeInIndex = 1; lastKnownFileType = text.xcconfig; name = "Pods-gamies.comTests.release.xcconfig"; path = "Target Support Files/Pods-gamies.comTests/Pods-gamies.comTests.release.xcconfig"; sourceTree = "<group>"; };
		8AED1A915F74A26BAC708BDA /* Pods_gamies_comUITests.framework */ = {isa = PBXFileReference; explicitFileType = wrapper.framework; includeInIndex = 0; path = Pods_gamies_comUITests.framework; sourceTree = BUILT_PRODUCTS_DIR; };
		C9C2A0EC00FEAC61638A5571 /* Pods_gamies_comTests.framework */ = {isa = PBXFileReference; explicitFileType = wrapper.framework; includeInIndex = 0; path = Pods_gamies_comTests.framework; sourceTree = BUILT_PRODUCTS_DIR; };
		D3634EA708EBDACB1C9EF7A1 /* Pods_gamies_com.framework */ = {isa = PBXFileReference; explicitFileType = wrapper.framework; includeInIndex = 0; path = Pods_gamies_com.framework; sourceTree = BUILT_PRODUCTS_DIR; };
		E5027C1E22389E9D00816A56 /* gamies.com-Bridging-Header.h */ = {isa = PBXFileReference; lastKnownFileType = sourcecode.c.h; path = "gamies.com-Bridging-Header.h"; sourceTree = "<group>"; };
		E53B1F2522438E6C00CFA3D7 /* TermsOfUsersViewController.swift */ = {isa = PBXFileReference; lastKnownFileType = sourcecode.swift; path = TermsOfUsersViewController.swift; sourceTree = "<group>"; };
		E55DF26722437EB8004ECF9D /* GoogleService-Info.plist */ = {isa = PBXFileReference; fileEncoding = 4; lastKnownFileType = text.plist.xml; path = "GoogleService-Info.plist"; sourceTree = "<group>"; };
		E57831F422335C480013E869 /* gamies.com.app */ = {isa = PBXFileReference; explicitFileType = wrapper.application; includeInIndex = 0; path = gamies.com.app; sourceTree = BUILT_PRODUCTS_DIR; };
		E57831F722335C480013E869 /* AppDelegate.swift */ = {isa = PBXFileReference; lastKnownFileType = sourcecode.swift; path = AppDelegate.swift; sourceTree = "<group>"; };
		E57831F922335C480013E869 /* ViewController.swift */ = {isa = PBXFileReference; lastKnownFileType = sourcecode.swift; path = ViewController.swift; sourceTree = "<group>"; };
		E57831FC22335C480013E869 /* Base */ = {isa = PBXFileReference; lastKnownFileType = file.storyboard; name = Base; path = Base.lproj/Main.storyboard; sourceTree = "<group>"; };
		E57831FE22335C4A0013E869 /* Assets.xcassets */ = {isa = PBXFileReference; lastKnownFileType = folder.assetcatalog; path = Assets.xcassets; sourceTree = "<group>"; };
		E578320122335C4A0013E869 /* Base */ = {isa = PBXFileReference; lastKnownFileType = file.storyboard; name = Base; path = Base.lproj/LaunchScreen.storyboard; sourceTree = "<group>"; };
		E578320322335C4A0013E869 /* Info.plist */ = {isa = PBXFileReference; lastKnownFileType = text.plist.xml; path = Info.plist; sourceTree = "<group>"; };
		E578320822335C4B0013E869 /* gamies.comTests.xctest */ = {isa = PBXFileReference; explicitFileType = wrapper.cfbundle; includeInIndex = 0; path = gamies.comTests.xctest; sourceTree = BUILT_PRODUCTS_DIR; };
		E578320C22335C4B0013E869 /* gamies_comTests.swift */ = {isa = PBXFileReference; lastKnownFileType = sourcecode.swift; path = gamies_comTests.swift; sourceTree = "<group>"; };
		E578320E22335C4B0013E869 /* Info.plist */ = {isa = PBXFileReference; lastKnownFileType = text.plist.xml; path = Info.plist; sourceTree = "<group>"; };
		E578321322335C4B0013E869 /* gamies.comUITests.xctest */ = {isa = PBXFileReference; explicitFileType = wrapper.cfbundle; includeInIndex = 0; path = gamies.comUITests.xctest; sourceTree = BUILT_PRODUCTS_DIR; };
		E578321722335C4B0013E869 /* gamies_comUITests.swift */ = {isa = PBXFileReference; lastKnownFileType = sourcecode.swift; path = gamies_comUITests.swift; sourceTree = "<group>"; };
		E578321922335C4B0013E869 /* Info.plist */ = {isa = PBXFileReference; lastKnownFileType = text.plist.xml; path = Info.plist; sourceTree = "<group>"; };
		E57832252233D25B0013E869 /* ProtectedViewController.swift */ = {isa = PBXFileReference; lastKnownFileType = sourcecode.swift; path = ProtectedViewController.swift; sourceTree = "<group>"; };
		E57832272233E46B0013E869 /* LoginViewController.swift */ = {isa = PBXFileReference; lastKnownFileType = sourcecode.swift; path = LoginViewController.swift; sourceTree = "<group>"; };
		E5F2DAAC2245EB7C0053AF17 /* MatcherViewController.swift */ = {isa = PBXFileReference; lastKnownFileType = sourcecode.swift; path = MatcherViewController.swift; sourceTree = "<group>"; };
		E5F2DAAE2245FBA10053AF17 /* ChatViewController.swift */ = {isa = PBXFileReference; lastKnownFileType = sourcecode.swift; path = ChatViewController.swift; sourceTree = "<group>"; };
		E96269FF2237A80300E3D980 /* WelcomeViewController.swift */ = {isa = PBXFileReference; lastKnownFileType = sourcecode.swift; path = WelcomeViewController.swift; sourceTree = "<group>"; };
		E96E79412245EB300032BA7D /* SwipeViewController.swift */ = {isa = PBXFileReference; lastKnownFileType = sourcecode.swift; path = SwipeViewController.swift; sourceTree = "<group>"; };
		E9B312B4224326EA00813580 /* UserProfileViewController.swift */ = {isa = PBXFileReference; lastKnownFileType = sourcecode.swift; path = UserProfileViewController.swift; sourceTree = "<group>"; };
		E9BA18E5223FF1B70060C8CC /* Pods-gamies.com-frameworks.sh */ = {isa = PBXFileReference; lastKnownFileType = text.script.sh; name = "Pods-gamies.com-frameworks.sh"; path = "Pods/Target Support Files/Pods-gamies.com/Pods-gamies.com-frameworks.sh"; sourceTree = "<group>"; };
		E9F6308722336C3300CCF153 /* ListViewController.swift */ = {isa = PBXFileReference; lastKnownFileType = sourcecode.swift; path = ListViewController.swift; sourceTree = "<group>"; };
		E9F63089223387E400CCF153 /* RegistrationViewController.swift */ = {isa = PBXFileReference; lastKnownFileType = sourcecode.swift; path = RegistrationViewController.swift; sourceTree = "<group>"; };
		E9F6308B2233956F00CCF153 /* ChooseGameViewController.swift */ = {isa = PBXFileReference; lastKnownFileType = sourcecode.swift; path = ChooseGameViewController.swift; sourceTree = "<group>"; };
		E9F6308D223502FF00CCF153 /* ProfileViewController.swift */ = {isa = PBXFileReference; lastKnownFileType = sourcecode.swift; path = ProfileViewController.swift; sourceTree = "<group>"; };
/* End PBXFileReference section */

/* Begin PBXFrameworksBuildPhase section */
		E57831F122335C480013E869 /* Frameworks */ = {
			isa = PBXFrameworksBuildPhase;
			buildActionMask = 2147483647;
			files = (
				E9BA18E6223FF1B70060C8CC /* Pods-gamies.com-frameworks.sh in Frameworks */,
				F52396B75E953F7AC1C35AD8 /* Pods_gamies_com.framework in Frameworks */,
			);
			runOnlyForDeploymentPostprocessing = 0;
		};
		E578320522335C4B0013E869 /* Frameworks */ = {
			isa = PBXFrameworksBuildPhase;
			buildActionMask = 2147483647;
			files = (
				ACEC7B325F0B0F7032990D25 /* Pods_gamies_comTests.framework in Frameworks */,
			);
			runOnlyForDeploymentPostprocessing = 0;
		};
		E578321022335C4B0013E869 /* Frameworks */ = {
			isa = PBXFrameworksBuildPhase;
			buildActionMask = 2147483647;
			files = (
				397FE30C2834D6478487FC15 /* Pods_gamies_comUITests.framework in Frameworks */,
			);
			runOnlyForDeploymentPostprocessing = 0;
		};
/* End PBXFrameworksBuildPhase section */

/* Begin PBXGroup section */
		68AFC083E774240D47C32683 /* Frameworks */ = {
			isa = PBXGroup;
			children = (
				E9BA18E5223FF1B70060C8CC /* Pods-gamies.com-frameworks.sh */,
				D3634EA708EBDACB1C9EF7A1 /* Pods_gamies_com.framework */,
				C9C2A0EC00FEAC61638A5571 /* Pods_gamies_comTests.framework */,
				8AED1A915F74A26BAC708BDA /* Pods_gamies_comUITests.framework */,
			);
			name = Frameworks;
			sourceTree = "<group>";
		};
		E57831EB22335C480013E869 = {
			isa = PBXGroup;
			children = (
				E5027C1E22389E9D00816A56 /* gamies.com-Bridging-Header.h */,
				E57831F622335C480013E869 /* gamies.com */,
				E578320B22335C4B0013E869 /* gamies.comTests */,
				E578321622335C4B0013E869 /* gamies.comUITests */,
				E57831F522335C480013E869 /* Products */,
				EE05039D1CE17C72C2326B64 /* Pods */,
				68AFC083E774240D47C32683 /* Frameworks */,
			);
			sourceTree = "<group>";
		};
		E57831F522335C480013E869 /* Products */ = {
			isa = PBXGroup;
			children = (
				E57831F422335C480013E869 /* gamies.com.app */,
				E578320822335C4B0013E869 /* gamies.comTests.xctest */,
				E578321322335C4B0013E869 /* gamies.comUITests.xctest */,
			);
			name = Products;
			sourceTree = "<group>";
		};
		E57831F622335C480013E869 /* gamies.com */ = {
			isa = PBXGroup;
			children = (
				E57831F722335C480013E869 /* AppDelegate.swift */,
				E96269FF2237A80300E3D980 /* WelcomeViewController.swift */,
				E96E79412245EB300032BA7D /* SwipeViewController.swift */,
				E57831F922335C480013E869 /* ViewController.swift */,
				E9B312B4224326EA00813580 /* UserProfileViewController.swift */,
				E57831FB22335C480013E869 /* Main.storyboard */,
				E5F2DAAC2245EB7C0053AF17 /* MatcherViewController.swift */,
				E5F2DAAE2245FBA10053AF17 /* ChatViewController.swift */,
				E55DF26722437EB8004ECF9D /* GoogleService-Info.plist */,
				E9F6308B2233956F00CCF153 /* ChooseGameViewController.swift */,
				E57831FE22335C4A0013E869 /* Assets.xcassets */,
				E578320022335C4A0013E869 /* LaunchScreen.storyboard */,
				E578320322335C4A0013E869 /* Info.plist */,
				E9F6308722336C3300CCF153 /* ListViewController.swift */,
				E9F63089223387E400CCF153 /* RegistrationViewController.swift */,
				E57832252233D25B0013E869 /* ProtectedViewController.swift */,
				E57832272233E46B0013E869 /* LoginViewController.swift */,
				E9F6308D223502FF00CCF153 /* ProfileViewController.swift */,
				E53B1F2522438E6C00CFA3D7 /* TermsOfUsersViewController.swift */,
			);
			path = gamies.com;
			sourceTree = "<group>";
		};
		E578320B22335C4B0013E869 /* gamies.comTests */ = {
			isa = PBXGroup;
			children = (
				E578320C22335C4B0013E869 /* gamies_comTests.swift */,
				E578320E22335C4B0013E869 /* Info.plist */,
			);
			path = gamies.comTests;
			sourceTree = "<group>";
		};
		E578321622335C4B0013E869 /* gamies.comUITests */ = {
			isa = PBXGroup;
			children = (
				E578321722335C4B0013E869 /* gamies_comUITests.swift */,
				E578321922335C4B0013E869 /* Info.plist */,
			);
			path = gamies.comUITests;
			sourceTree = "<group>";
		};
		EE05039D1CE17C72C2326B64 /* Pods */ = {
			isa = PBXGroup;
			children = (
				340B5F94D3930BDA7519BAFA /* Pods-gamies.com.debug.xcconfig */,
				341EBD7E41AAC95990511E0B /* Pods-gamies.com.release.xcconfig */,
				77314F7C79D4083343FE0A69 /* Pods-gamies.comTests.debug.xcconfig */,
				8125BDC723263355736DBA83 /* Pods-gamies.comTests.release.xcconfig */,
				43AE7B8134F83003BD00CC5B /* Pods-gamies.comUITests.debug.xcconfig */,
				2E9E0F66D47D02EAD1B7FDB5 /* Pods-gamies.comUITests.release.xcconfig */,
			);
			path = Pods;
			sourceTree = "<group>";
		};
/* End PBXGroup section */

/* Begin PBXNativeTarget section */
		E57831F322335C480013E869 /* gamies.com */ = {
			isa = PBXNativeTarget;
			buildConfigurationList = E578321C22335C4B0013E869 /* Build configuration list for PBXNativeTarget "gamies.com" */;
			buildPhases = (
				24D2729ACA9D0976265F422E /* [CP] Check Pods Manifest.lock */,
				E57831F022335C480013E869 /* Sources */,
				E57831F122335C480013E869 /* Frameworks */,
				E57831F222335C480013E869 /* Resources */,
				3CE8D1F08ECAD7F2CBF515E7 /* [CP] Embed Pods Frameworks */,
				1C22C0052F2DE6BE48920A9C /* [CP] Copy Pods Resources */,
			);
			buildRules = (
			);
			dependencies = (
			);
			name = gamies.com;
			productName = gamies.com;
			productReference = E57831F422335C480013E869 /* gamies.com.app */;
			productType = "com.apple.product-type.application";
		};
		E578320722335C4B0013E869 /* gamies.comTests */ = {
			isa = PBXNativeTarget;
			buildConfigurationList = E578321F22335C4B0013E869 /* Build configuration list for PBXNativeTarget "gamies.comTests" */;
			buildPhases = (
				7467BBD654C987E3015C4A85 /* [CP] Check Pods Manifest.lock */,
				E578320422335C4B0013E869 /* Sources */,
				E578320522335C4B0013E869 /* Frameworks */,
				E578320622335C4B0013E869 /* Resources */,
			);
			buildRules = (
			);
			dependencies = (
				E578320A22335C4B0013E869 /* PBXTargetDependency */,
			);
			name = gamies.comTests;
			productName = gamies.comTests;
			productReference = E578320822335C4B0013E869 /* gamies.comTests.xctest */;
			productType = "com.apple.product-type.bundle.unit-test";
		};
		E578321222335C4B0013E869 /* gamies.comUITests */ = {
			isa = PBXNativeTarget;
			buildConfigurationList = E578322222335C4B0013E869 /* Build configuration list for PBXNativeTarget "gamies.comUITests" */;
			buildPhases = (
				01BEA0F4C6EA2EFF6E68D2C2 /* [CP] Check Pods Manifest.lock */,
				E578320F22335C4B0013E869 /* Sources */,
				E578321022335C4B0013E869 /* Frameworks */,
				E578321122335C4B0013E869 /* Resources */,
			);
			buildRules = (
			);
			dependencies = (
				E578321522335C4B0013E869 /* PBXTargetDependency */,
			);
			name = gamies.comUITests;
			productName = gamies.comUITests;
			productReference = E578321322335C4B0013E869 /* gamies.comUITests.xctest */;
			productType = "com.apple.product-type.bundle.ui-testing";
		};
/* End PBXNativeTarget section */

/* Begin PBXProject section */
		E57831EC22335C480013E869 /* Project object */ = {
			isa = PBXProject;
			attributes = {
				LastSwiftUpdateCheck = 1010;
				LastUpgradeCheck = 1010;
				ORGANIZATIONNAME = "hanakawa kazuya";
				TargetAttributes = {
					E57831F322335C480013E869 = {
						CreatedOnToolsVersion = 10.1;
					};
					E578320722335C4B0013E869 = {
						CreatedOnToolsVersion = 10.1;
						TestTargetID = E57831F322335C480013E869;
					};
					E578321222335C4B0013E869 = {
						CreatedOnToolsVersion = 10.1;
						TestTargetID = E57831F322335C480013E869;
					};
				};
			};
			buildConfigurationList = E57831EF22335C480013E869 /* Build configuration list for PBXProject "gamies.com" */;
			compatibilityVersion = "Xcode 9.3";
			developmentRegion = en;
			hasScannedForEncodings = 0;
			knownRegions = (
				en,
				Base,
			);
			mainGroup = E57831EB22335C480013E869;
			productRefGroup = E57831F522335C480013E869 /* Products */;
			projectDirPath = "";
			projectRoot = "";
			targets = (
				E57831F322335C480013E869 /* gamies.com */,
				E578320722335C4B0013E869 /* gamies.comTests */,
				E578321222335C4B0013E869 /* gamies.comUITests */,
			);
		};
/* End PBXProject section */

/* Begin PBXResourcesBuildPhase section */
		E57831F222335C480013E869 /* Resources */ = {
			isa = PBXResourcesBuildPhase;
			buildActionMask = 2147483647;
			files = (
				E578320222335C4A0013E869 /* LaunchScreen.storyboard in Resources */,
				E55DF26822437EB8004ECF9D /* GoogleService-Info.plist in Resources */,
				E57831FF22335C4A0013E869 /* Assets.xcassets in Resources */,
				E57831FD22335C480013E869 /* Main.storyboard in Resources */,
			);
			runOnlyForDeploymentPostprocessing = 0;
		};
		E578320622335C4B0013E869 /* Resources */ = {
			isa = PBXResourcesBuildPhase;
			buildActionMask = 2147483647;
			files = (
			);
			runOnlyForDeploymentPostprocessing = 0;
		};
		E578321122335C4B0013E869 /* Resources */ = {
			isa = PBXResourcesBuildPhase;
			buildActionMask = 2147483647;
			files = (
			);
			runOnlyForDeploymentPostprocessing = 0;
		};
/* End PBXResourcesBuildPhase section */

/* Begin PBXShellScriptBuildPhase section */
		01BEA0F4C6EA2EFF6E68D2C2 /* [CP] Check Pods Manifest.lock */ = {
			isa = PBXShellScriptBuildPhase;
			buildActionMask = 2147483647;
			files = (
			);
			inputFileListPaths = (
			);
			inputPaths = (
				"${PODS_PODFILE_DIR_PATH}/Podfile.lock",
				"${PODS_ROOT}/Manifest.lock",
			);
			name = "[CP] Check Pods Manifest.lock";
			outputFileListPaths = (
			);
			outputPaths = (
				"$(DERIVED_FILE_DIR)/Pods-gamies.comUITests-checkManifestLockResult.txt",
			);
			runOnlyForDeploymentPostprocessing = 0;
			shellPath = /bin/sh;
			shellScript = "diff \"${PODS_PODFILE_DIR_PATH}/Podfile.lock\" \"${PODS_ROOT}/Manifest.lock\" > /dev/null\nif [ $? != 0 ] ; then\n    # print error to STDERR\n    echo \"error: The sandbox is not in sync with the Podfile.lock. Run 'pod install' or update your CocoaPods installation.\" >&2\n    exit 1\nfi\n# This output is used by Xcode 'outputs' to avoid re-running this script phase.\necho \"SUCCESS\" > \"${SCRIPT_OUTPUT_FILE_0}\"\n";
			showEnvVarsInLog = 0;
		};
		1C22C0052F2DE6BE48920A9C /* [CP] Copy Pods Resources */ = {
			isa = PBXShellScriptBuildPhase;
			buildActionMask = 2147483647;
			files = (
			);
			inputFileListPaths = (
				"${PODS_ROOT}/Target Support Files/Pods-gamies.com/Pods-gamies.com-resources-${CONFIGURATION}-input-files.xcfilelist",
			);
			inputPaths = (
				"${PODS_ROOT}/Target Support Files/Pods-gamies.com/Pods-gamies.com-resources.sh",
				"${PODS_CONFIGURATION_BUILD_DIR}/FirebaseUI/FirebaseAnonymousAuthUI.bundle",
				"${PODS_CONFIGURATION_BUILD_DIR}/FirebaseUI/FirebaseAuthUI.bundle",
				"${PODS_CONFIGURATION_BUILD_DIR}/FirebaseUI/FirebaseEmailAuthUI.bundle",
				"${PODS_CONFIGURATION_BUILD_DIR}/FirebaseUI/FirebaseFacebookAuthUI.bundle",
				"${PODS_CONFIGURATION_BUILD_DIR}/FirebaseUI/FirebaseGoogleAuthUI.bundle",
				"${PODS_CONFIGURATION_BUILD_DIR}/FirebaseUI/FirebasePhoneAuthUI.bundle",
				"${PODS_CONFIGURATION_BUILD_DIR}/FirebaseUI/FirebaseTwitterAuthUI.bundle",
				"${PODS_ROOT}/GoogleSignIn/Resources/GoogleSignIn.bundle",
				"${PODS_ROOT}/TwitterKit/iOS/TwitterKit.framework/TwitterKitResources.bundle",
			);
			name = "[CP] Copy Pods Resources";
			outputFileListPaths = (
				"${PODS_ROOT}/Target Support Files/Pods-gamies.com/Pods-gamies.com-resources-${CONFIGURATION}-output-files.xcfilelist",
			);
			outputPaths = (
				"${TARGET_BUILD_DIR}/${UNLOCALIZED_RESOURCES_FOLDER_PATH}/FirebaseAnonymousAuthUI.bundle",
				"${TARGET_BUILD_DIR}/${UNLOCALIZED_RESOURCES_FOLDER_PATH}/FirebaseAuthUI.bundle",
				"${TARGET_BUILD_DIR}/${UNLOCALIZED_RESOURCES_FOLDER_PATH}/FirebaseEmailAuthUI.bundle",
				"${TARGET_BUILD_DIR}/${UNLOCALIZED_RESOURCES_FOLDER_PATH}/FirebaseFacebookAuthUI.bundle",
				"${TARGET_BUILD_DIR}/${UNLOCALIZED_RESOURCES_FOLDER_PATH}/FirebaseGoogleAuthUI.bundle",
				"${TARGET_BUILD_DIR}/${UNLOCALIZED_RESOURCES_FOLDER_PATH}/FirebasePhoneAuthUI.bundle",
				"${TARGET_BUILD_DIR}/${UNLOCALIZED_RESOURCES_FOLDER_PATH}/FirebaseTwitterAuthUI.bundle",
				"${TARGET_BUILD_DIR}/${UNLOCALIZED_RESOURCES_FOLDER_PATH}/GoogleSignIn.bundle",
				"${TARGET_BUILD_DIR}/${UNLOCALIZED_RESOURCES_FOLDER_PATH}/TwitterKitResources.bundle",
			);
			runOnlyForDeploymentPostprocessing = 0;
			shellPath = /bin/sh;
			shellScript = "\"${PODS_ROOT}/Target Support Files/Pods-gamies.com/Pods-gamies.com-resources.sh\"\n";
			showEnvVarsInLog = 0;
		};
		24D2729ACA9D0976265F422E /* [CP] Check Pods Manifest.lock */ = {
			isa = PBXShellScriptBuildPhase;
			buildActionMask = 2147483647;
			files = (
			);
			inputFileListPaths = (
			);
			inputPaths = (
				"${PODS_PODFILE_DIR_PATH}/Podfile.lock",
				"${PODS_ROOT}/Manifest.lock",
			);
			name = "[CP] Check Pods Manifest.lock";
			outputFileListPaths = (
			);
			outputPaths = (
				"$(DERIVED_FILE_DIR)/Pods-gamies.com-checkManifestLockResult.txt",
			);
			runOnlyForDeploymentPostprocessing = 0;
			shellPath = /bin/sh;
			shellScript = "diff \"${PODS_PODFILE_DIR_PATH}/Podfile.lock\" \"${PODS_ROOT}/Manifest.lock\" > /dev/null\nif [ $? != 0 ] ; then\n    # print error to STDERR\n    echo \"error: The sandbox is not in sync with the Podfile.lock. Run 'pod install' or update your CocoaPods installation.\" >&2\n    exit 1\nfi\n# This output is used by Xcode 'outputs' to avoid re-running this script phase.\necho \"SUCCESS\" > \"${SCRIPT_OUTPUT_FILE_0}\"\n";
			showEnvVarsInLog = 0;
		};
		3CE8D1F08ECAD7F2CBF515E7 /* [CP] Embed Pods Frameworks */ = {
			isa = PBXShellScriptBuildPhase;
			buildActionMask = 2147483647;
			files = (
			);
			inputFileListPaths = (
				"${PODS_ROOT}/Target Support Files/Pods-gamies.com/Pods-gamies.com-frameworks-${CONFIGURATION}-input-files.xcfilelist",
			);
			inputPaths = (
				"${PODS_ROOT}/Target Support Files/Pods-gamies.com/Pods-gamies.com-frameworks.sh",
				"${BUILT_PRODUCTS_DIR}/Bolts/Bolts.framework",
				"${BUILT_PRODUCTS_DIR}/BoringSSL-GRPC/openssl_grpc.framework",
				"${BUILT_PRODUCTS_DIR}/FBSDKCoreKit/FBSDKCoreKit.framework",
				"${BUILT_PRODUCTS_DIR}/FBSDKLoginKit/FBSDKLoginKit.framework",
				"${BUILT_PRODUCTS_DIR}/GTMSessionFetcher/GTMSessionFetcher.framework",
				"${BUILT_PRODUCTS_DIR}/GoogleToolboxForMac/GoogleToolboxForMac.framework",
				"${BUILT_PRODUCTS_DIR}/GoogleUtilities/GoogleUtilities.framework",
				"${BUILT_PRODUCTS_DIR}/JSQMessagesViewController/JSQMessagesViewController.framework",
				"${BUILT_PRODUCTS_DIR}/JSQSystemSoundPlayer/JSQSystemSoundPlayer.framework",
				"${BUILT_PRODUCTS_DIR}/Protobuf/Protobuf.framework",
				"${BUILT_PRODUCTS_DIR}/SDWebImage/SDWebImage.framework",
				"${BUILT_PRODUCTS_DIR}/TextFieldEffects/TextFieldEffects.framework",
				"${PODS_ROOT}/TwitterCore/iOS/TwitterCore.framework",
				"${PODS_ROOT}/TwitterKit/iOS/TwitterKit.framework",
				"${BUILT_PRODUCTS_DIR}/gRPC-C++/grpcpp.framework",
				"${BUILT_PRODUCTS_DIR}/gRPC-Core/grpc.framework",
				"${BUILT_PRODUCTS_DIR}/leveldb-library/leveldb.framework",
				"${BUILT_PRODUCTS_DIR}/nanopb/nanopb.framework",
			);
			name = "[CP] Embed Pods Frameworks";
			outputFileListPaths = (
				"${PODS_ROOT}/Target Support Files/Pods-gamies.com/Pods-gamies.com-frameworks-${CONFIGURATION}-output-files.xcfilelist",
			);
			outputPaths = (
				"${TARGET_BUILD_DIR}/${FRAMEWORKS_FOLDER_PATH}/Bolts.framework",
				"${TARGET_BUILD_DIR}/${FRAMEWORKS_FOLDER_PATH}/openssl_grpc.framework",
				"${TARGET_BUILD_DIR}/${FRAMEWORKS_FOLDER_PATH}/FBSDKCoreKit.framework",
				"${TARGET_BUILD_DIR}/${FRAMEWORKS_FOLDER_PATH}/FBSDKLoginKit.framework",
				"${TARGET_BUILD_DIR}/${FRAMEWORKS_FOLDER_PATH}/GTMSessionFetcher.framework",
				"${TARGET_BUILD_DIR}/${FRAMEWORKS_FOLDER_PATH}/GoogleToolboxForMac.framework",
				"${TARGET_BUILD_DIR}/${FRAMEWORKS_FOLDER_PATH}/GoogleUtilities.framework",
				"${TARGET_BUILD_DIR}/${FRAMEWORKS_FOLDER_PATH}/JSQMessagesViewController.framework",
				"${TARGET_BUILD_DIR}/${FRAMEWORKS_FOLDER_PATH}/JSQSystemSoundPlayer.framework",
				"${TARGET_BUILD_DIR}/${FRAMEWORKS_FOLDER_PATH}/Protobuf.framework",
				"${TARGET_BUILD_DIR}/${FRAMEWORKS_FOLDER_PATH}/SDWebImage.framework",
				"${TARGET_BUILD_DIR}/${FRAMEWORKS_FOLDER_PATH}/TextFieldEffects.framework",
				"${TARGET_BUILD_DIR}/${FRAMEWORKS_FOLDER_PATH}/TwitterCore.framework",
				"${TARGET_BUILD_DIR}/${FRAMEWORKS_FOLDER_PATH}/TwitterKit.framework",
				"${TARGET_BUILD_DIR}/${FRAMEWORKS_FOLDER_PATH}/grpcpp.framework",
				"${TARGET_BUILD_DIR}/${FRAMEWORKS_FOLDER_PATH}/grpc.framework",
				"${TARGET_BUILD_DIR}/${FRAMEWORKS_FOLDER_PATH}/leveldb.framework",
				"${TARGET_BUILD_DIR}/${FRAMEWORKS_FOLDER_PATH}/nanopb.framework",
			);
			runOnlyForDeploymentPostprocessing = 0;
			shellPath = /bin/sh;
			shellScript = "\"${PODS_ROOT}/Target Support Files/Pods-gamies.com/Pods-gamies.com-frameworks.sh\"\n";
			showEnvVarsInLog = 0;
		};
		7467BBD654C987E3015C4A85 /* [CP] Check Pods Manifest.lock */ = {
			isa = PBXShellScriptBuildPhase;
			buildActionMask = 2147483647;
			files = (
			);
			inputFileListPaths = (
			);
			inputPaths = (
				"${PODS_PODFILE_DIR_PATH}/Podfile.lock",
				"${PODS_ROOT}/Manifest.lock",
			);
			name = "[CP] Check Pods Manifest.lock";
			outputFileListPaths = (
			);
			outputPaths = (
				"$(DERIVED_FILE_DIR)/Pods-gamies.comTests-checkManifestLockResult.txt",
			);
			runOnlyForDeploymentPostprocessing = 0;
			shellPath = /bin/sh;
			shellScript = "diff \"${PODS_PODFILE_DIR_PATH}/Podfile.lock\" \"${PODS_ROOT}/Manifest.lock\" > /dev/null\nif [ $? != 0 ] ; then\n    # print error to STDERR\n    echo \"error: The sandbox is not in sync with the Podfile.lock. Run 'pod install' or update your CocoaPods installation.\" >&2\n    exit 1\nfi\n# This output is used by Xcode 'outputs' to avoid re-running this script phase.\necho \"SUCCESS\" > \"${SCRIPT_OUTPUT_FILE_0}\"\n";
			showEnvVarsInLog = 0;
		};
/* End PBXShellScriptBuildPhase section */

/* Begin PBXSourcesBuildPhase section */
		E57831F022335C480013E869 /* Sources */ = {
			isa = PBXSourcesBuildPhase;
			buildActionMask = 2147483647;
			files = (
				E9626A002237A80300E3D980 /* WelcomeViewController.swift in Sources */,
				E9B312B5224326EA00813580 /* UserProfileViewController.swift in Sources */,
				E57832282233E46B0013E869 /* LoginViewController.swift in Sources */,
				E9F6308C2233956F00CCF153 /* ChooseGameViewController.swift in Sources */,
				E53B1F2622438E6C00CFA3D7 /* TermsOfUsersViewController.swift in Sources */,
				E5F2DAAD2245EB7C0053AF17 /* MatcherViewController.swift in Sources */,
				E57831FA22335C480013E869 /* ViewController.swift in Sources */,
				E57831F822335C480013E869 /* AppDelegate.swift in Sources */,
				E9F6308A223387E400CCF153 /* RegistrationViewController.swift in Sources */,
				E5F2DAAF2245FBA10053AF17 /* ChatViewController.swift in Sources */,
				E9F6308822336C3300CCF153 /* ListViewController.swift in Sources */,
				E9F6308E223502FF00CCF153 /* ProfileViewController.swift in Sources */,
				E57832262233D25B0013E869 /* ProtectedViewController.swift in Sources */,
				E96E79422245EB300032BA7D /* SwipeViewController.swift in Sources */,
			);
			runOnlyForDeploymentPostprocessing = 0;
		};
		E578320422335C4B0013E869 /* Sources */ = {
			isa = PBXSourcesBuildPhase;
			buildActionMask = 2147483647;
			files = (
				E578320D22335C4B0013E869 /* gamies_comTests.swift in Sources */,
			);
			runOnlyForDeploymentPostprocessing = 0;
		};
		E578320F22335C4B0013E869 /* Sources */ = {
			isa = PBXSourcesBuildPhase;
			buildActionMask = 2147483647;
			files = (
				E578321822335C4B0013E869 /* gamies_comUITests.swift in Sources */,
			);
			runOnlyForDeploymentPostprocessing = 0;
		};
/* End PBXSourcesBuildPhase section */

/* Begin PBXTargetDependency section */
		E578320A22335C4B0013E869 /* PBXTargetDependency */ = {
			isa = PBXTargetDependency;
			target = E57831F322335C480013E869 /* gamies.com */;
			targetProxy = E578320922335C4B0013E869 /* PBXContainerItemProxy */;
		};
		E578321522335C4B0013E869 /* PBXTargetDependency */ = {
			isa = PBXTargetDependency;
			target = E57831F322335C480013E869 /* gamies.com */;
			targetProxy = E578321422335C4B0013E869 /* PBXContainerItemProxy */;
		};
/* End PBXTargetDependency section */

/* Begin PBXVariantGroup section */
		E57831FB22335C480013E869 /* Main.storyboard */ = {
			isa = PBXVariantGroup;
			children = (
				E57831FC22335C480013E869 /* Base */,
			);
			name = Main.storyboard;
			sourceTree = "<group>";
		};
		E578320022335C4A0013E869 /* LaunchScreen.storyboard */ = {
			isa = PBXVariantGroup;
			children = (
				E578320122335C4A0013E869 /* Base */,
			);
			name = LaunchScreen.storyboard;
			sourceTree = "<group>";
		};
/* End PBXVariantGroup section */

/* Begin XCBuildConfiguration section */
		E578321A22335C4B0013E869 /* Debug */ = {
			isa = XCBuildConfiguration;
			buildSettings = {
				ALWAYS_SEARCH_USER_PATHS = NO;
				CLANG_ANALYZER_NONNULL = YES;
				CLANG_ANALYZER_NUMBER_OBJECT_CONVERSION = YES_AGGRESSIVE;
				CLANG_CXX_LANGUAGE_STANDARD = "gnu++14";
				CLANG_CXX_LIBRARY = "libc++";
				CLANG_ENABLE_MODULES = YES;
				CLANG_ENABLE_OBJC_ARC = YES;
				CLANG_ENABLE_OBJC_WEAK = YES;
				CLANG_WARN_BLOCK_CAPTURE_AUTORELEASING = YES;
				CLANG_WARN_BOOL_CONVERSION = YES;
				CLANG_WARN_COMMA = YES;
				CLANG_WARN_CONSTANT_CONVERSION = YES;
				CLANG_WARN_DEPRECATED_OBJC_IMPLEMENTATIONS = YES;
				CLANG_WARN_DIRECT_OBJC_ISA_USAGE = YES_ERROR;
				CLANG_WARN_DOCUMENTATION_COMMENTS = YES;
				CLANG_WARN_EMPTY_BODY = YES;
				CLANG_WARN_ENUM_CONVERSION = YES;
				CLANG_WARN_INFINITE_RECURSION = YES;
				CLANG_WARN_INT_CONVERSION = YES;
				CLANG_WARN_NON_LITERAL_NULL_CONVERSION = YES;
				CLANG_WARN_OBJC_IMPLICIT_RETAIN_SELF = YES;
				CLANG_WARN_OBJC_LITERAL_CONVERSION = YES;
				CLANG_WARN_OBJC_ROOT_CLASS = YES_ERROR;
				CLANG_WARN_RANGE_LOOP_ANALYSIS = YES;
				CLANG_WARN_STRICT_PROTOTYPES = YES;
				CLANG_WARN_SUSPICIOUS_MOVE = YES;
				CLANG_WARN_UNGUARDED_AVAILABILITY = YES_AGGRESSIVE;
				CLANG_WARN_UNREACHABLE_CODE = YES;
				CLANG_WARN__DUPLICATE_METHOD_MATCH = YES;
				CODE_SIGN_IDENTITY = "iPhone Developer";
				COPY_PHASE_STRIP = NO;
				DEBUG_INFORMATION_FORMAT = dwarf;
				ENABLE_STRICT_OBJC_MSGSEND = YES;
				ENABLE_TESTABILITY = YES;
				GCC_C_LANGUAGE_STANDARD = gnu11;
				GCC_DYNAMIC_NO_PIC = NO;
				GCC_NO_COMMON_BLOCKS = YES;
				GCC_OPTIMIZATION_LEVEL = 0;
				GCC_PREPROCESSOR_DEFINITIONS = (
					"DEBUG=1",
					"$(inherited)",
				);
				GCC_WARN_64_TO_32_BIT_CONVERSION = YES;
				GCC_WARN_ABOUT_RETURN_TYPE = YES_ERROR;
				GCC_WARN_UNDECLARED_SELECTOR = YES;
				GCC_WARN_UNINITIALIZED_AUTOS = YES_AGGRESSIVE;
				GCC_WARN_UNUSED_FUNCTION = YES;
				GCC_WARN_UNUSED_VARIABLE = YES;
				IPHONEOS_DEPLOYMENT_TARGET = 12.1;
				MTL_ENABLE_DEBUG_INFO = INCLUDE_SOURCE;
				MTL_FAST_MATH = YES;
				ONLY_ACTIVE_ARCH = YES;
				SDKROOT = iphoneos;
				SWIFT_ACTIVE_COMPILATION_CONDITIONS = DEBUG;
				SWIFT_OPTIMIZATION_LEVEL = "-Onone";
			};
			name = Debug;
		};
		E578321B22335C4B0013E869 /* Release */ = {
			isa = XCBuildConfiguration;
			buildSettings = {
				ALWAYS_SEARCH_USER_PATHS = NO;
				CLANG_ANALYZER_NONNULL = YES;
				CLANG_ANALYZER_NUMBER_OBJECT_CONVERSION = YES_AGGRESSIVE;
				CLANG_CXX_LANGUAGE_STANDARD = "gnu++14";
				CLANG_CXX_LIBRARY = "libc++";
				CLANG_ENABLE_MODULES = YES;
				CLANG_ENABLE_OBJC_ARC = YES;
				CLANG_ENABLE_OBJC_WEAK = YES;
				CLANG_WARN_BLOCK_CAPTURE_AUTORELEASING = YES;
				CLANG_WARN_BOOL_CONVERSION = YES;
				CLANG_WARN_COMMA = YES;
				CLANG_WARN_CONSTANT_CONVERSION = YES;
				CLANG_WARN_DEPRECATED_OBJC_IMPLEMENTATIONS = YES;
				CLANG_WARN_DIRECT_OBJC_ISA_USAGE = YES_ERROR;
				CLANG_WARN_DOCUMENTATION_COMMENTS = YES;
				CLANG_WARN_EMPTY_BODY = YES;
				CLANG_WARN_ENUM_CONVERSION = YES;
				CLANG_WARN_INFINITE_RECURSION = YES;
				CLANG_WARN_INT_CONVERSION = YES;
				CLANG_WARN_NON_LITERAL_NULL_CONVERSION = YES;
				CLANG_WARN_OBJC_IMPLICIT_RETAIN_SELF = YES;
				CLANG_WARN_OBJC_LITERAL_CONVERSION = YES;
				CLANG_WARN_OBJC_ROOT_CLASS = YES_ERROR;
				CLANG_WARN_RANGE_LOOP_ANALYSIS = YES;
				CLANG_WARN_STRICT_PROTOTYPES = YES;
				CLANG_WARN_SUSPICIOUS_MOVE = YES;
				CLANG_WARN_UNGUARDED_AVAILABILITY = YES_AGGRESSIVE;
				CLANG_WARN_UNREACHABLE_CODE = YES;
				CLANG_WARN__DUPLICATE_METHOD_MATCH = YES;
				CODE_SIGN_IDENTITY = "iPhone Developer";
				COPY_PHASE_STRIP = NO;
				DEBUG_INFORMATION_FORMAT = "dwarf-with-dsym";
				ENABLE_NS_ASSERTIONS = NO;
				ENABLE_STRICT_OBJC_MSGSEND = YES;
				GCC_C_LANGUAGE_STANDARD = gnu11;
				GCC_NO_COMMON_BLOCKS = YES;
				GCC_WARN_64_TO_32_BIT_CONVERSION = YES;
				GCC_WARN_ABOUT_RETURN_TYPE = YES_ERROR;
				GCC_WARN_UNDECLARED_SELECTOR = YES;
				GCC_WARN_UNINITIALIZED_AUTOS = YES_AGGRESSIVE;
				GCC_WARN_UNUSED_FUNCTION = YES;
				GCC_WARN_UNUSED_VARIABLE = YES;
				IPHONEOS_DEPLOYMENT_TARGET = 12.1;
				MTL_ENABLE_DEBUG_INFO = NO;
				MTL_FAST_MATH = YES;
				SDKROOT = iphoneos;
				SWIFT_COMPILATION_MODE = wholemodule;
				SWIFT_OPTIMIZATION_LEVEL = "-O";
				VALIDATE_PRODUCT = YES;
			};
			name = Release;
		};
		E578321D22335C4B0013E869 /* Debug */ = {
			isa = XCBuildConfiguration;
			baseConfigurationReference = 340B5F94D3930BDA7519BAFA /* Pods-gamies.com.debug.xcconfig */;
			buildSettings = {
				ASSETCATALOG_COMPILER_APPICON_NAME = AppIcon;
				CODE_SIGN_STYLE = Automatic;
				DEVELOPMENT_TEAM = "";
				INFOPLIST_FILE = gamies.com/Info.plist;
				LD_RUNPATH_SEARCH_PATHS = (
					"$(inherited)",
					"@executable_path/Frameworks",
				);
				PRODUCT_BUNDLE_IDENTIFIER = "kazuya-hanakawa.gamies-com";
				PRODUCT_NAME = "$(TARGET_NAME)";
				SWIFT_VERSION = 4.2;
				TARGETED_DEVICE_FAMILY = "1,2";
			};
			name = Debug;
		};
		E578321E22335C4B0013E869 /* Release */ = {
			isa = XCBuildConfiguration;
			baseConfigurationReference = 341EBD7E41AAC95990511E0B /* Pods-gamies.com.release.xcconfig */;
			buildSettings = {
				ASSETCATALOG_COMPILER_APPICON_NAME = AppIcon;
				CODE_SIGN_STYLE = Automatic;
				DEVELOPMENT_TEAM = "";
				INFOPLIST_FILE = gamies.com/Info.plist;
				LD_RUNPATH_SEARCH_PATHS = (
					"$(inherited)",
					"@executable_path/Frameworks",
				);
				PRODUCT_BUNDLE_IDENTIFIER = "kazuya-hanakawa.gamies-com";
				PRODUCT_NAME = "$(TARGET_NAME)";
				SWIFT_VERSION = 4.2;
				TARGETED_DEVICE_FAMILY = "1,2";
			};
			name = Release;
		};
		E578322022335C4B0013E869 /* Debug */ = {
			isa = XCBuildConfiguration;
			baseConfigurationReference = 77314F7C79D4083343FE0A69 /* Pods-gamies.comTests.debug.xcconfig */;
			buildSettings = {
				ALWAYS_EMBED_SWIFT_STANDARD_LIBRARIES = YES;
				BUNDLE_LOADER = "$(TEST_HOST)";
				CODE_SIGN_STYLE = Automatic;
				INFOPLIST_FILE = gamies.comTests/Info.plist;
				LD_RUNPATH_SEARCH_PATHS = (
					"$(inherited)",
					"@executable_path/Frameworks",
					"@loader_path/Frameworks",
				);
				PRODUCT_BUNDLE_IDENTIFIER = "kazuya-hanakawa.gamies-comTests";
				PRODUCT_NAME = "$(TARGET_NAME)";
				SWIFT_VERSION = 4.2;
				TARGETED_DEVICE_FAMILY = "1,2";
				TEST_HOST = "$(BUILT_PRODUCTS_DIR)/gamies.com.app/gamies.com";
			};
			name = Debug;
		};
		E578322122335C4B0013E869 /* Release */ = {
			isa = XCBuildConfiguration;
			baseConfigurationReference = 8125BDC723263355736DBA83 /* Pods-gamies.comTests.release.xcconfig */;
			buildSettings = {
				ALWAYS_EMBED_SWIFT_STANDARD_LIBRARIES = YES;
				BUNDLE_LOADER = "$(TEST_HOST)";
				CODE_SIGN_STYLE = Automatic;
				INFOPLIST_FILE = gamies.comTests/Info.plist;
				LD_RUNPATH_SEARCH_PATHS = (
					"$(inherited)",
					"@executable_path/Frameworks",
					"@loader_path/Frameworks",
				);
				PRODUCT_BUNDLE_IDENTIFIER = "kazuya-hanakawa.gamies-comTests";
				PRODUCT_NAME = "$(TARGET_NAME)";
				SWIFT_VERSION = 4.2;
				TARGETED_DEVICE_FAMILY = "1,2";
				TEST_HOST = "$(BUILT_PRODUCTS_DIR)/gamies.com.app/gamies.com";
			};
			name = Release;
		};
		E578322322335C4B0013E869 /* Debug */ = {
			isa = XCBuildConfiguration;
			baseConfigurationReference = 43AE7B8134F83003BD00CC5B /* Pods-gamies.comUITests.debug.xcconfig */;
			buildSettings = {
				ALWAYS_EMBED_SWIFT_STANDARD_LIBRARIES = YES;
				CODE_SIGN_STYLE = Automatic;
				INFOPLIST_FILE = gamies.comUITests/Info.plist;
				LD_RUNPATH_SEARCH_PATHS = (
					"$(inherited)",
					"@executable_path/Frameworks",
					"@loader_path/Frameworks",
				);
				PRODUCT_BUNDLE_IDENTIFIER = "kazuya-hanakawa.gamies-comUITests";
				PRODUCT_NAME = "$(TARGET_NAME)";
				SWIFT_VERSION = 4.2;
				TARGETED_DEVICE_FAMILY = "1,2";
				TEST_TARGET_NAME = gamies.com;
			};
			name = Debug;
		};
		E578322422335C4B0013E869 /* Release */ = {
			isa = XCBuildConfiguration;
			baseConfigurationReference = 2E9E0F66D47D02EAD1B7FDB5 /* Pods-gamies.comUITests.release.xcconfig */;
			buildSettings = {
				ALWAYS_EMBED_SWIFT_STANDARD_LIBRARIES = YES;
				CODE_SIGN_STYLE = Automatic;
				INFOPLIST_FILE = gamies.comUITests/Info.plist;
				LD_RUNPATH_SEARCH_PATHS = (
					"$(inherited)",
					"@executable_path/Frameworks",
					"@loader_path/Frameworks",
				);
				PRODUCT_BUNDLE_IDENTIFIER = "kazuya-hanakawa.gamies-comUITests";
				PRODUCT_NAME = "$(TARGET_NAME)";
				SWIFT_VERSION = 4.2;
				TARGETED_DEVICE_FAMILY = "1,2";
				TEST_TARGET_NAME = gamies.com;
			};
			name = Release;
		};
/* End XCBuildConfiguration section */

/* Begin XCConfigurationList section */
		E57831EF22335C480013E869 /* Build configuration list for PBXProject "gamies.com" */ = {
			isa = XCConfigurationList;
			buildConfigurations = (
				E578321A22335C4B0013E869 /* Debug */,
				E578321B22335C4B0013E869 /* Release */,
			);
			defaultConfigurationIsVisible = 0;
			defaultConfigurationName = Release;
		};
		E578321C22335C4B0013E869 /* Build configuration list for PBXNativeTarget "gamies.com" */ = {
			isa = XCConfigurationList;
			buildConfigurations = (
				E578321D22335C4B0013E869 /* Debug */,
				E578321E22335C4B0013E869 /* Release */,
			);
			defaultConfigurationIsVisible = 0;
			defaultConfigurationName = Release;
		};
		E578321F22335C4B0013E869 /* Build configuration list for PBXNativeTarget "gamies.comTests" */ = {
			isa = XCConfigurationList;
			buildConfigurations = (
				E578322022335C4B0013E869 /* Debug */,
				E578322122335C4B0013E869 /* Release */,
			);
			defaultConfigurationIsVisible = 0;
			defaultConfigurationName = Release;
		};
		E578322222335C4B0013E869 /* Build configuration list for PBXNativeTarget "gamies.comUITests" */ = {
			isa = XCConfigurationList;
			buildConfigurations = (
				E578322322335C4B0013E869 /* Debug */,
				E578322422335C4B0013E869 /* Release */,
			);
			defaultConfigurationIsVisible = 0;
			defaultConfigurationName = Release;
		};
/* End XCConfigurationList section */
	};
	rootObject = E57831EC22335C480013E869 /* Project object */;
}
